
Microsoft Visual Studio Solution File, Format Version 12.00
# Visual Studio Version 17
VisualStudioVersion = 17.3.32922.545
MinimumVisualStudioVersion = 10.0.40219.1
Project("{FAE04EC0-301F-11D3-BF4B-00C04F79EFBC}") = "api", "api\api.csproj", "{99B48A3E-EE2B-4136-9C8C-6FE3375F0EF2}"
EndProject
Project("{FAE04EC0-301F-11D3-BF4B-00C04F79EFBC}") = "api.services", "api.services\api.services.csproj", "{3C58CA62-66F4-4C14-B07A-2EFA1802A0FC}"
EndProject
Project("{FAE04EC0-301F-11D3-BF4B-00C04F79EFBC}") = "api.modals", "api.modals\api.modals.csproj", "{FC864455-8471-4CCB-9FFD-4F460E068487}"
EndProject
Global
	GlobalSection(SolutionConfigurationPlatforms) = preSolution
		Debug|Any CPU = Debug|Any CPU
		Release|Any CPU = Release|Any CPU
	EndGlobalSection
	GlobalSection(ProjectConfigurationPlatforms) = postSolution
		{99B48A3E-EE2B-4136-9C8C-6FE3375F0EF2}.Debug|Any CPU.ActiveCfg = Debug|Any CPU
		{99B48A3E-EE2B-4136-9C8C-6FE3375F0EF2}.Debug|Any CPU.Build.0 = Debug|Any CPU
		{99B48A3E-EE2B-4136-9C8C-6FE3375F0EF2}.Release|Any CPU.ActiveCfg = Release|Any CPU
		{99B48A3E-EE2B-4136-9C8C-6FE3375F0EF2}.Release|Any CPU.Build.0 = Release|Any CPU
		{3C58CA62-66F4-4C14-B07A-2EFA1802A0FC}.Debug|Any CPU.ActiveCfg = Debug|Any CPU
		{3C58CA62-66F4-4C14-B07A-2EFA1802A0FC}.Debug|Any CPU.Build.0 = Debug|Any CPU
		{3C58CA62-66F4-4C14-B07A-2EFA1802A0FC}.Release|Any CPU.ActiveCfg = Release|Any CPU
		{3C58CA62-66F4-4C14-B07A-2EFA1802A0FC}.Release|Any CPU.Build.0 = Release|Any CPU
		{FC864455-8471-4CCB-9FFD-4F460E068487}.Debug|Any CPU.ActiveCfg = Debug|Any CPU
		{FC864455-8471-4CCB-9FFD-4F460E068487}.Debug|Any CPU.Build.0 = Debug|Any CPU
		{FC864455-8471-4CCB-9FFD-4F460E068487}.Release|Any CPU.ActiveCfg = Release|Any CPU
		{FC864455-8471-4CCB-9FFD-4F460E068487}.Release|Any CPU.Build.0 = Release|Any CPU
	EndGlobalSection
	GlobalSection(SolutionProperties) = preSolution
		HideSolutionNode = FALSE
	EndGlobalSection
	GlobalSection(ExtensibilityGlobals) = postSolution
		SolutionGuid = {15C3A300-65D5-4C37-9F99-0E0DACE2A5A7}
	EndGlobalSection
EndGlobal
